
Microsoft Visual Studio Solution File, Format Version 12.00
# Visual Studio Version 17
VisualStudioVersion = 17.10.35122.118
MinimumVisualStudioVersion = 10.0.40219.1
Project("{FAE04EC0-301F-11D3-BF4B-00C04F79EFBC}") = "CountdownGame", "CountdownGame\CountdownGame.csproj", "{2E05F657-EB48-4D5F-B833-392392FA758A}"
EndProject
Project("{FAE04EC0-301F-11D3-BF4B-00C04F79EFBC}") = "CountdownGame.Tests", "CountdownGame.Tests\CountdownGame.Tests.csproj", "{CE516D3B-E605-4B7C-96FA-1B46D59FA24E}"
EndProject
Global
	GlobalSection(SolutionConfigurationPlatforms) = preSolution
		Debug|Any CPU = Debug|Any CPU
		Release|Any CPU = Release|Any CPU
	EndGlobalSection
	GlobalSection(ProjectConfigurationPlatforms) = postSolution
		{2E05F657-EB48-4D5F-B833-392392FA758A}.Debug|Any CPU.ActiveCfg = Debug|Any CPU
		{2E05F657-EB48-4D5F-B833-392392FA758A}.Debug|Any CPU.Build.0 = Debug|Any CPU
		{2E05F657-EB48-4D5F-B833-392392FA758A}.Release|Any CPU.ActiveCfg = Release|Any CPU
		{2E05F657-EB48-4D5F-B833-392392FA758A}.Release|Any CPU.Build.0 = Release|Any CPU
		{CE516D3B-E605-4B7C-96FA-1B46D59FA24E}.Debug|Any CPU.ActiveCfg = Debug|Any CPU
		{CE516D3B-E605-4B7C-96FA-1B46D59FA24E}.Debug|Any CPU.Build.0 = Debug|Any CPU
		{CE516D3B-E605-4B7C-96FA-1B46D59FA24E}.Release|Any CPU.ActiveCfg = Release|Any CPU
		{CE516D3B-E605-4B7C-96FA-1B46D59FA24E}.Release|Any CPU.Build.0 = Release|Any CPU
	EndGlobalSection
	GlobalSection(SolutionProperties) = preSolution
		HideSolutionNode = FALSE
	EndGlobalSection
	GlobalSection(ExtensibilityGlobals) = postSolution
		SolutionGuid = {92E79456-9E26-4843-8A2E-C27504DFF675}
	EndGlobalSection
EndGlobal
